
Microsoft Visual Studio Solution File, Format Version 12.00
# Visual Studio Version 16
VisualStudioVersion = 16.0.30011.22
MinimumVisualStudioVersion = 10.0.40219.1
Project("{FAE04EC0-301F-11D3-BF4B-00C04F79EFBC}") = "Volume Calculator", "Volume Calculator\Volume Calculator.csproj", "{5B443F5B-38E9-45E5-9602-08C3F5F59115}"
EndProject
Project("{FAE04EC0-301F-11D3-BF4B-00C04F79EFBC}") = "VolumeCalculatorUI", "VolumeCaluclatorUI\VolumeCalculatorUI.csproj", "{DD8AB42B-F56D-4645-B255-26E9AB52925A}"
EndProject
Global
	GlobalSection(SolutionConfigurationPlatforms) = preSolution
		Debug|Any CPU = Debug|Any CPU
		Release|Any CPU = Release|Any CPU
	EndGlobalSection
	GlobalSection(ProjectConfigurationPlatforms) = postSolution
		{5B443F5B-38E9-45E5-9602-08C3F5F59115}.Debug|Any CPU.ActiveCfg = Debug|Any CPU
		{5B443F5B-38E9-45E5-9602-08C3F5F59115}.Debug|Any CPU.Build.0 = Debug|Any CPU
		{5B443F5B-38E9-45E5-9602-08C3F5F59115}.Release|Any CPU.ActiveCfg = Release|Any CPU
		{5B443F5B-38E9-45E5-9602-08C3F5F59115}.Release|Any CPU.Build.0 = Release|Any CPU
		{DD8AB42B-F56D-4645-B255-26E9AB52925A}.Debug|Any CPU.ActiveCfg = Debug|Any CPU
		{DD8AB42B-F56D-4645-B255-26E9AB52925A}.Debug|Any CPU.Build.0 = Debug|Any CPU
		{DD8AB42B-F56D-4645-B255-26E9AB52925A}.Release|Any CPU.ActiveCfg = Release|Any CPU
		{DD8AB42B-F56D-4645-B255-26E9AB52925A}.Release|Any CPU.Build.0 = Release|Any CPU
	EndGlobalSection
	GlobalSection(SolutionProperties) = preSolution
		HideSolutionNode = FALSE
	EndGlobalSection
	GlobalSection(ExtensibilityGlobals) = postSolution
		SolutionGuid = {1DDBD758-8A99-459B-A033-C29004B06781}
	EndGlobalSection
EndGlobal
